// !$*UTF8*$!
{
	archiveVersion = 1;
	classes = {
	};
	objectVersion = 50;
	objects = {

/* Begin PBXBuildFile section */
		C1339DE022554F5D00658D21 /* AppDelegate.m in Sources */ = {isa = PBXBuildFile; fileRef = C1339DDF22554F5D00658D21 /* AppDelegate.m */; };
		C1339DE322554F5D00658D21 /* ViewController.m in Sources */ = {isa = PBXBuildFile; fileRef = C1339DE222554F5D00658D21 /* ViewController.m */; };
		C1339DE622554F5D00658D21 /* Main.storyboard in Resources */ = {isa = PBXBuildFile; fileRef = C1339DE422554F5D00658D21 /* Main.storyboard */; };
		C1339DE822554F6100658D21 /* Assets.xcassets in Resources */ = {isa = PBXBuildFile; fileRef = C1339DE722554F6100658D21 /* Assets.xcassets */; };
		C1339DEB22554F6100658D21 /* LaunchScreen.storyboard in Resources */ = {isa = PBXBuildFile; fileRef = C1339DE922554F6100658D21 /* LaunchScreen.storyboard */; };
		C1339DEE22554F6100658D21 /* main.m in Sources */ = {isa = PBXBuildFile; fileRef = C1339DED22554F6100658D21 /* main.m */; };
		C1339DF822554F6100658D21 /* Calfit_iOSTests.m in Sources */ = {isa = PBXBuildFile; fileRef = C1339DF722554F6100658D21 /* Calfit_iOSTests.m */; };
		C1339E0322554F6100658D21 /* Calfit_iOSUITests.m in Sources */ = {isa = PBXBuildFile; fileRef = C1339E0222554F6100658D21 /* Calfit_iOSUITests.m */; };
/* End PBXBuildFile section */

/* Begin PBXContainerItemProxy section */
		C1339DF422554F6100658D21 /* PBXContainerItemProxy */ = {
			isa = PBXContainerItemProxy;
			containerPortal = C1339DD322554F5D00658D21 /* Project object */;
			proxyType = 1;
			remoteGlobalIDString = C1339DDA22554F5D00658D21;
			remoteInfo = Calfit_iOS;
		};
		C1339DFF22554F6100658D21 /* PBXContainerItemProxy */ = {
			isa = PBXContainerItemProxy;
			containerPortal = C1339DD322554F5D00658D21 /* Project object */;
			proxyType = 1;
			remoteGlobalIDString = C1339DDA22554F5D00658D21;
			remoteInfo = Calfit_iOS;
		};
/* End PBXContainerItemProxy section */

/* Begin PBXFileReference section */
		C1339DDB22554F5D00658D21 /* Calfit_iOS.app */ = {isa = PBXFileReference; explicitFileType = wrapper.application; includeInIndex = 0; path = Calfit_iOS.app; sourceTree = BUILT_PRODUCTS_DIR; };
		C1339DDE22554F5D00658D21 /* AppDelegate.h */ = {isa = PBXFileReference; lastKnownFileType = sourcecode.c.h; path = AppDelegate.h; sourceTree = "<group>"; };
		C1339DDF22554F5D00658D21 /* AppDelegate.m */ = {isa = PBXFileReference; lastKnownFileType = sourcecode.c.objc; path = AppDelegate.m; sourceTree = "<group>"; };
		C1339DE122554F5D00658D21 /* ViewController.h */ = {isa = PBXFileReference; lastKnownFileType = sourcecode.c.h; path = ViewController.h; sourceTree = "<group>"; };
		C1339DE222554F5D00658D21 /* ViewController.m */ = {isa = PBXFileReference; lastKnownFileType = sourcecode.c.objc; path = ViewController.m; sourceTree = "<group>"; };
		C1339DE522554F5D00658D21 /* Base */ = {isa = PBXFileReference; lastKnownFileType = file.storyboard; name = Base; path = Base.lproj/Main.storyboard; sourceTree = "<group>"; };
		C1339DE722554F6100658D21 /* Assets.xcassets */ = {isa = PBXFileReference; lastKnownFileType = folder.assetcatalog; path = Assets.xcassets; sourceTree = "<group>"; };
		C1339DEA22554F6100658D21 /* Base */ = {isa = PBXFileReference; lastKnownFileType = file.storyboard; name = Base; path = Base.lproj/LaunchScreen.storyboard; sourceTree = "<group>"; };
		C1339DEC22554F6100658D21 /* Info.plist */ = {isa = PBXFileReference; lastKnownFileType = text.plist.xml; path = Info.plist; sourceTree = "<group>"; };
		C1339DED22554F6100658D21 /* main.m */ = {isa = PBXFileReference; lastKnownFileType = sourcecode.c.objc; path = main.m; sourceTree = "<group>"; };
		C1339DF322554F6100658D21 /* Calfit_iOSTests.xctest */ = {isa = PBXFileReference; explicitFileType = wrapper.cfbundle; includeInIndex = 0; path = Calfit_iOSTests.xctest; sourceTree = BUILT_PRODUCTS_DIR; };
		C1339DF722554F6100658D21 /* Calfit_iOSTests.m */ = {isa = PBXFileReference; lastKnownFileType = sourcecode.c.objc; path = Calfit_iOSTests.m; sourceTree = "<group>"; };
		C1339DF922554F6100658D21 /* Info.plist */ = {isa = PBXFileReference; lastKnownFileType = text.plist.xml; path = Info.plist; sourceTree = "<group>"; };
		C1339DFE22554F6100658D21 /* Calfit_iOSUITests.xctest */ = {isa = PBXFileReference; explicitFileType = wrapper.cfbundle; includeInIndex = 0; path = Calfit_iOSUITests.xctest; sourceTree = BUILT_PRODUCTS_DIR; };
		C1339E0222554F6100658D21 /* Calfit_iOSUITests.m */ = {isa = PBXFileReference; lastKnownFileType = sourcecode.c.objc; path = Calfit_iOSUITests.m; sourceTree = "<group>"; };
		C1339E0422554F6100658D21 /* Info.plist */ = {isa = PBXFileReference; lastKnownFileType = text.plist.xml; path = Info.plist; sourceTree = "<group>"; };
/* End PBXFileReference section */

/* Begin PBXFrameworksBuildPhase section */
		C1339DD822554F5D00658D21 /* Frameworks */ = {
			isa = PBXFrameworksBuildPhase;
			buildActionMask = 2147483647;
			files = (
			);
			runOnlyForDeploymentPostprocessing = 0;
		};
		C1339DF022554F6100658D21 /* Frameworks */ = {
			isa = PBXFrameworksBuildPhase;
			buildActionMask = 2147483647;
			files = (
			);
			runOnlyForDeploymentPostprocessing = 0;
		};
		C1339DFB22554F6100658D21 /* Frameworks */ = {
			isa = PBXFrameworksBuildPhase;
			buildActionMask = 2147483647;
			files = (
			);
			runOnlyForDeploymentPostprocessing = 0;
		};
/* End PBXFrameworksBuildPhase section */

/* Begin PBXGroup section */
		C1339DD222554F5D00658D21 = {
			isa = PBXGroup;
			children = (
				C1339DDD22554F5D00658D21 /* Calfit_iOS */,
				C1339DF622554F6100658D21 /* Calfit_iOSTests */,
				C1339E0122554F6100658D21 /* Calfit_iOSUITests */,
				C1339DDC22554F5D00658D21 /* Products */,
			);
			sourceTree = "<group>";
		};
		C1339DDC22554F5D00658D21 /* Products */ = {
			isa = PBXGroup;
			children = (
				C1339DDB22554F5D00658D21 /* Calfit_iOS.app */,
				C1339DF322554F6100658D21 /* Calfit_iOSTests.xctest */,
				C1339DFE22554F6100658D21 /* Calfit_iOSUITests.xctest */,
			);
			name = Products;
			sourceTree = "<group>";
		};
		C1339DDD22554F5D00658D21 /* Calfit_iOS */ = {
			isa = PBXGroup;
			children = (
				C1339DDE22554F5D00658D21 /* AppDelegate.h */,
				C1339DDF22554F5D00658D21 /* AppDelegate.m */,
				C1339DE122554F5D00658D21 /* ViewController.h */,
				C1339DE222554F5D00658D21 /* ViewController.m */,
				C1339DE422554F5D00658D21 /* Main.storyboard */,
				C1339DE722554F6100658D21 /* Assets.xcassets */,
				C1339DE922554F6100658D21 /* LaunchScreen.storyboard */,
				C1339DEC22554F6100658D21 /* Info.plist */,
				C1339DED22554F6100658D21 /* main.m */,
			);
			path = Calfit_iOS;
			sourceTree = "<group>";
		};
		C1339DF622554F6100658D21 /* Calfit_iOSTests */ = {
			isa = PBXGroup;
			children = (
				C1339DF722554F6100658D21 /* Calfit_iOSTests.m */,
				C1339DF922554F6100658D21 /* Info.plist */,
			);
			path = Calfit_iOSTests;
			sourceTree = "<group>";
		};
		C1339E0122554F6100658D21 /* Calfit_iOSUITests */ = {
			isa = PBXGroup;
			children = (
				C1339E0222554F6100658D21 /* Calfit_iOSUITests.m */,
				C1339E0422554F6100658D21 /* Info.plist */,
			);
			path = Calfit_iOSUITests;
			sourceTree = "<group>";
		};
/* End PBXGroup section */

/* Begin PBXNativeTarget section */
		C1339DDA22554F5D00658D21 /* Calfit_iOS */ = {
			isa = PBXNativeTarget;
			buildConfigurationList = C1339E0722554F6100658D21 /* Build configuration list for PBXNativeTarget "Calfit_iOS" */;
			buildPhases = (
				C1339DD722554F5D00658D21 /* Sources */,
				C1339DD822554F5D00658D21 /* Frameworks */,
				C1339DD922554F5D00658D21 /* Resources */,
			);
			buildRules = (
			);
			dependencies = (
			);
			name = Calfit_iOS;
			productName = Calfit_iOS;
			productReference = C1339DDB22554F5D00658D21 /* Calfit_iOS.app */;
			productType = "com.apple.product-type.application";
		};
		C1339DF222554F6100658D21 /* Calfit_iOSTests */ = {
			isa = PBXNativeTarget;
			buildConfigurationList = C1339E0A22554F6100658D21 /* Build configuration list for PBXNativeTarget "Calfit_iOSTests" */;
			buildPhases = (
				C1339DEF22554F6100658D21 /* Sources */,
				C1339DF022554F6100658D21 /* Frameworks */,
				C1339DF122554F6100658D21 /* Resources */,
			);
			buildRules = (
			);
			dependencies = (
				C1339DF522554F6100658D21 /* PBXTargetDependency */,
			);
			name = Calfit_iOSTests;
			productName = Calfit_iOSTests;
			productReference = C1339DF322554F6100658D21 /* Calfit_iOSTests.xctest */;
			productType = "com.apple.product-type.bundle.unit-test";
		};
		C1339DFD22554F6100658D21 /* Calfit_iOSUITests */ = {
			isa = PBXNativeTarget;
			buildConfigurationList = C1339E0D22554F6100658D21 /* Build configuration list for PBXNativeTarget "Calfit_iOSUITests" */;
			buildPhases = (
				C1339DFA22554F6100658D21 /* Sources */,
				C1339DFB22554F6100658D21 /* Frameworks */,
				C1339DFC22554F6100658D21 /* Resources */,
			);
			buildRules = (
			);
			dependencies = (
				C1339E0022554F6100658D21 /* PBXTargetDependency */,
			);
			name = Calfit_iOSUITests;
			productName = Calfit_iOSUITests;
			productReference = C1339DFE22554F6100658D21 /* Calfit_iOSUITests.xctest */;
			productType = "com.apple.product-type.bundle.ui-testing";
		};
/* End PBXNativeTarget section */

/* Begin PBXProject section */
		C1339DD322554F5D00658D21 /* Project object */ = {
			isa = PBXProject;
			attributes = {
				LastUpgradeCheck = 1010;
				ORGANIZATIONNAME = "Shixuan Li";
				TargetAttributes = {
					C1339DDA22554F5D00658D21 = {
						CreatedOnToolsVersion = 10.1;
					};
					C1339DF222554F6100658D21 = {
						CreatedOnToolsVersion = 10.1;
						TestTargetID = C1339DDA22554F5D00658D21;
					};
					C1339DFD22554F6100658D21 = {
						CreatedOnToolsVersion = 10.1;
						TestTargetID = C1339DDA22554F5D00658D21;
					};
				};
			};
			buildConfigurationList = C1339DD622554F5D00658D21 /* Build configuration list for PBXProject "Calfit_iOS" */;
			compatibilityVersion = "Xcode 9.3";
			developmentRegion = en;
			hasScannedForEncodings = 0;
			knownRegions = (
				en,
				Base,
			);
			mainGroup = C1339DD222554F5D00658D21;
			productRefGroup = C1339DDC22554F5D00658D21 /* Products */;
			projectDirPath = "";
			projectRoot = "";
			targets = (
				C1339DDA22554F5D00658D21 /* Calfit_iOS */,
				C1339DF222554F6100658D21 /* Calfit_iOSTests */,
				C1339DFD22554F6100658D21 /* Calfit_iOSUITests */,
			);
		};
/* End PBXProject section */

/* Begin PBXResourcesBuildPhase section */
		C1339DD922554F5D00658D21 /* Resources */ = {
			isa = PBXResourcesBuildPhase;
			buildActionMask = 2147483647;
			files = (
				C1339DEB22554F6100658D21 /* LaunchScreen.storyboard in Resources */,
				C1339DE822554F6100658D21 /* Assets.xcassets in Resources */,
				C1339DE622554F5D00658D21 /* Main.storyboard in Resources */,
			);
			runOnlyForDeploymentPostprocessing = 0;
		};
		C1339DF122554F6100658D21 /* Resources */ = {
			isa = PBXResourcesBuildPhase;
			buildActionMask = 2147483647;
			files = (
			);
			runOnlyForDeploymentPostprocessing = 0;
		};
		C1339DFC22554F6100658D21 /* Resources */ = {
			isa = PBXResourcesBuildPhase;
			buildActionMask = 2147483647;
			files = (
			);
			runOnlyForDeploymentPostprocessing = 0;
		};
/* End PBXResourcesBuildPhase section */

/* Begin PBXSourcesBuildPhase section */
		C1339DD722554F5D00658D21 /* Sources */ = {
			isa = PBXSourcesBuildPhase;
			buildActionMask = 2147483647;
			files = (
				C1339DE322554F5D00658D21 /* ViewController.m in Sources */,
				C1339DEE22554F6100658D21 /* main.m in Sources */,
				C1339DE022554F5D00658D21 /* AppDelegate.m in Sources */,
			);
			runOnlyForDeploymentPostprocessing = 0;
		};
		C1339DEF22554F6100658D21 /* Sources */ = {
			isa = PBXSourcesBuildPhase;
			buildActionMask = 2147483647;
			files = (
				C1339DF822554F6100658D21 /* Calfit_iOSTests.m in Sources */,
			);
			runOnlyForDeploymentPostprocessing = 0;
		};
		C1339DFA22554F6100658D21 /* Sources */ = {
			isa = PBXSourcesBuildPhase;
			buildActionMask = 2147483647;
			files = (
				C1339E0322554F6100658D21 /* Calfit_iOSUITests.m in Sources */,
			);
			runOnlyForDeploymentPostprocessing = 0;
		};
/* End PBXSourcesBuildPhase section */

/* Begin PBXTargetDependency section */
		C1339DF522554F6100658D21 /* PBXTargetDependency */ = {
			isa = PBXTargetDependency;
			target = C1339DDA22554F5D00658D21 /* Calfit_iOS */;
			targetProxy = C1339DF422554F6100658D21 /* PBXContainerItemProxy */;
		};
		C1339E0022554F6100658D21 /* PBXTargetDependency */ = {
			isa = PBXTargetDependency;
			target = C1339DDA22554F5D00658D21 /* Calfit_iOS */;
			targetProxy = C1339DFF22554F6100658D21 /* PBXContainerItemProxy */;
		};
/* End PBXTargetDependency section */

/* Begin PBXVariantGroup section */
		C1339DE422554F5D00658D21 /* Main.storyboard */ = {
			isa = PBXVariantGroup;
			children = (
				C1339DE522554F5D00658D21 /* Base */,
			);
			name = Main.storyboard;
			sourceTree = "<group>";
		};
		C1339DE922554F6100658D21 /* LaunchScreen.storyboard */ = {
			isa = PBXVariantGroup;
			children = (
				C1339DEA22554F6100658D21 /* Base */,
			);
			name = LaunchScreen.storyboard;
			sourceTree = "<group>";
		};
/* End PBXVariantGroup section */

/* Begin XCBuildConfiguration section */
		C1339E0522554F6100658D21 /* Debug */ = {
			isa = XCBuildConfiguration;
			buildSettings = {
				ALWAYS_SEARCH_USER_PATHS = NO;
				CLANG_ANALYZER_NONNULL = YES;
				CLANG_ANALYZER_NUMBER_OBJECT_CONVERSION = YES_AGGRESSIVE;
				CLANG_CXX_LANGUAGE_STANDARD = "gnu++14";
				CLANG_CXX_LIBRARY = "libc++";
				CLANG_ENABLE_MODULES = YES;
				CLANG_ENABLE_OBJC_ARC = YES;
				CLANG_ENABLE_OBJC_WEAK = YES;
				CLANG_WARN_BLOCK_CAPTURE_AUTORELEASING = YES;
				CLANG_WARN_BOOL_CONVERSION = YES;
				CLANG_WARN_COMMA = YES;
				CLANG_WARN_CONSTANT_CONVERSION = YES;
				CLANG_WARN_DEPRECATED_OBJC_IMPLEMENTATIONS = YES;
				CLANG_WARN_DIRECT_OBJC_ISA_USAGE = YES_ERROR;
				CLANG_WARN_DOCUMENTATION_COMMENTS = YES;
				CLANG_WARN_EMPTY_BODY = YES;
				CLANG_WARN_ENUM_CONVERSION = YES;
				CLANG_WARN_INFINITE_RECURSION = YES;
				CLANG_WARN_INT_CONVERSION = YES;
				CLANG_WARN_NON_LITERAL_NULL_CONVERSION = YES;
				CLANG_WARN_OBJC_IMPLICIT_RETAIN_SELF = YES;
				CLANG_WARN_OBJC_LITERAL_CONVERSION = YES;
				CLANG_WARN_OBJC_ROOT_CLASS = YES_ERROR;
				CLANG_WARN_RANGE_LOOP_ANALYSIS = YES;
				CLANG_WARN_STRICT_PROTOTYPES = YES;
				CLANG_WARN_SUSPICIOUS_MOVE = YES;
				CLANG_WARN_UNGUARDED_AVAILABILITY = YES_AGGRESSIVE;
				CLANG_WARN_UNREACHABLE_CODE = YES;
				CLANG_WARN__DUPLICATE_METHOD_MATCH = YES;
				CODE_SIGN_IDENTITY = "iPhone Developer";
				COPY_PHASE_STRIP = NO;
				DEBUG_INFORMATION_FORMAT = dwarf;
				ENABLE_STRICT_OBJC_MSGSEND = YES;
				ENABLE_TESTABILITY = YES;
				GCC_C_LANGUAGE_STANDARD = gnu11;
				GCC_DYNAMIC_NO_PIC = NO;
				GCC_NO_COMMON_BLOCKS = YES;
				GCC_OPTIMIZATION_LEVEL = 0;
				GCC_PREPROCESSOR_DEFINITIONS = (
					"DEBUG=1",
					"$(inherited)",
				);
				GCC_WARN_64_TO_32_BIT_CONVERSION = YES;
				GCC_WARN_ABOUT_RETURN_TYPE = YES_ERROR;
				GCC_WARN_UNDECLARED_SELECTOR = YES;
				GCC_WARN_UNINITIALIZED_AUTOS = YES_AGGRESSIVE;
				GCC_WARN_UNUSED_FUNCTION = YES;
				GCC_WARN_UNUSED_VARIABLE = YES;
				IPHONEOS_DEPLOYMENT_TARGET = 12.1;
				MTL_ENABLE_DEBUG_INFO = INCLUDE_SOURCE;
				MTL_FAST_MATH = YES;
				ONLY_ACTIVE_ARCH = YES;
				SDKROOT = iphoneos;
			};
			name = Debug;
		};
		C1339E0622554F6100658D21 /* Release */ = {
			isa = XCBuildConfiguration;
			buildSettings = {
				ALWAYS_SEARCH_USER_PATHS = NO;
				CLANG_ANALYZER_NONNULL = YES;
				CLANG_ANALYZER_NUMBER_OBJECT_CONVERSION = YES_AGGRESSIVE;
				CLANG_CXX_LANGUAGE_STANDARD = "gnu++14";
				CLANG_CXX_LIBRARY = "libc++";
				CLANG_ENABLE_MODULES = YES;
				CLANG_ENABLE_OBJC_ARC = YES;
				CLANG_ENABLE_OBJC_WEAK = YES;
				CLANG_WARN_BLOCK_CAPTURE_AUTORELEASING = YES;
				CLANG_WARN_BOOL_CONVERSION = YES;
				CLANG_WARN_COMMA = YES;
				CLANG_WARN_CONSTANT_CONVERSION = YES;
				CLANG_WARN_DEPRECATED_OBJC_IMPLEMENTATIONS = YES;
				CLANG_WARN_DIRECT_OBJC_ISA_USAGE = YES_ERROR;
				CLANG_WARN_DOCUMENTATION_COMMENTS = YES;
				CLANG_WARN_EMPTY_BODY = YES;
				CLANG_WARN_ENUM_CONVERSION = YES;
				CLANG_WARN_INFINITE_RECURSION = YES;
				CLANG_WARN_INT_CONVERSION = YES;
				CLANG_WARN_NON_LITERAL_NULL_CONVERSION = YES;
				CLANG_WARN_OBJC_IMPLICIT_RETAIN_SELF = YES;
				CLANG_WARN_OBJC_LITERAL_CONVERSION = YES;
				CLANG_WARN_OBJC_ROOT_CLASS = YES_ERROR;
				CLANG_WARN_RANGE_LOOP_ANALYSIS = YES;
				CLANG_WARN_STRICT_PROTOTYPES = YES;
				CLANG_WARN_SUSPICIOUS_MOVE = YES;
				CLANG_WARN_UNGUARDED_AVAILABILITY = YES_AGGRESSIVE;
				CLANG_WARN_UNREACHABLE_CODE = YES;
				CLANG_WARN__DUPLICATE_METHOD_MATCH = YES;
				CODE_SIGN_IDENTITY = "iPhone Developer";
				COPY_PHASE_STRIP = NO;
				DEBUG_INFORMATION_FORMAT = "dwarf-with-dsym";
				ENABLE_NS_ASSERTIONS = NO;
				ENABLE_STRICT_OBJC_MSGSEND = YES;
				GCC_C_LANGUAGE_STANDARD = gnu11;
				GCC_NO_COMMON_BLOCKS = YES;
				GCC_WARN_64_TO_32_BIT_CONVERSION = YES;
				GCC_WARN_ABOUT_RETURN_TYPE = YES_ERROR;
				GCC_WARN_UNDECLARED_SELECTOR = YES;
				GCC_WARN_UNINITIALIZED_AUTOS = YES_AGGRESSIVE;
				GCC_WARN_UNUSED_FUNCTION = YES;
				GCC_WARN_UNUSED_VARIABLE = YES;
				IPHONEOS_DEPLOYMENT_TARGET = 12.1;
				MTL_ENABLE_DEBUG_INFO = NO;
				MTL_FAST_MATH = YES;
				SDKROOT = iphoneos;
				VALIDATE_PRODUCT = YES;
			};
			name = Release;
		};
		C1339E0822554F6100658D21 /* Debug */ = {
			isa = XCBuildConfiguration;
			buildSettings = {
				ASSETCATALOG_COMPILER_APPICON_NAME = AppIcon;
				CODE_SIGN_STYLE = Automatic;
				INFOPLIST_FILE = Calfit_iOS/Info.plist;
				LD_RUNPATH_SEARCH_PATHS = (
					"$(inherited)",
					"@executable_path/Frameworks",
				);
				PRODUCT_BUNDLE_IDENTIFIER = "com.shixuanli.Calfit-iOS";
				PRODUCT_NAME = "$(TARGET_NAME)";
				TARGETED_DEVICE_FAMILY = "1,2";
			};
			name = Debug;
		};
		C1339E0922554F6100658D21 /* Release */ = {
			isa = XCBuildConfiguration;
			buildSettings = {
				ASSETCATALOG_COMPILER_APPICON_NAME = AppIcon;
				CODE_SIGN_STYLE = Automatic;
				INFOPLIST_FILE = Calfit_iOS/Info.plist;
				LD_RUNPATH_SEARCH_PATHS = (
					"$(inherited)",
					"@executable_path/Frameworks",
				);
				PRODUCT_BUNDLE_IDENTIFIER = "com.shixuanli.Calfit-iOS";
				PRODUCT_NAME = "$(TARGET_NAME)";
				TARGETED_DEVICE_FAMILY = "1,2";
			};
			name = Release;
		};
		C1339E0B22554F6100658D21 /* Debug */ = {
			isa = XCBuildConfiguration;
			buildSettings = {
				BUNDLE_LOADER = "$(TEST_HOST)";
				CODE_SIGN_STYLE = Automatic;
				INFOPLIST_FILE = Calfit_iOSTests/Info.plist;
				LD_RUNPATH_SEARCH_PATHS = (
					"$(inherited)",
					"@executable_path/Frameworks",
					"@loader_path/Frameworks",
				);
				PRODUCT_BUNDLE_IDENTIFIER = "com.shixuanli.Calfit-iOSTests";
				PRODUCT_NAME = "$(TARGET_NAME)";
				TARGETED_DEVICE_FAMILY = "1,2";
				TEST_HOST = "$(BUILT_PRODUCTS_DIR)/Calfit_iOS.app/Calfit_iOS";
			};
			name = Debug;
		};
		C1339E0C22554F6100658D21 /* Release */ = {
			isa = XCBuildConfiguration;
			buildSettings = {
				BUNDLE_LOADER = "$(TEST_HOST)";
				CODE_SIGN_STYLE = Automatic;
				INFOPLIST_FILE = Calfit_iOSTests/Info.plist;
				LD_RUNPATH_SEARCH_PATHS = (
					"$(inherited)",
					"@executable_path/Frameworks",
					"@loader_path/Frameworks",
				);
				PRODUCT_BUNDLE_IDENTIFIER = "com.shixuanli.Calfit-iOSTests";
				PRODUCT_NAME = "$(TARGET_NAME)";
				TARGETED_DEVICE_FAMILY = "1,2";
				TEST_HOST = "$(BUILT_PRODUCTS_DIR)/Calfit_iOS.app/Calfit_iOS";
			};
			name = Release;
		};
		C1339E0E22554F6100658D21 /* Debug */ = {
			isa = XCBuildConfiguration;
			buildSettings = {
				CODE_SIGN_STYLE = Automatic;
				INFOPLIST_FILE = Calfit_iOSUITests/Info.plist;
				LD_RUNPATH_SEARCH_PATHS = (
					"$(inherited)",
					"@executable_path/Frameworks",
					"@loader_path/Frameworks",
				);
				PRODUCT_BUNDLE_IDENTIFIER = "com.shixuanli.Calfit-iOSUITests";
				PRODUCT_NAME = "$(TARGET_NAME)";
				TARGETED_DEVICE_FAMILY = "1,2";
				TEST_TARGET_NAME = Calfit_iOS;
			};
			name = Debug;
		};
		C1339E0F22554F6100658D21 /* Release */ = {
			isa = XCBuildConfiguration;
			buildSettings = {
				CODE_SIGN_STYLE = Automatic;
				INFOPLIST_FILE = Calfit_iOSUITests/Info.plist;
				LD_RUNPATH_SEARCH_PATHS = (
					"$(inherited)",
					"@executable_path/Frameworks",
					"@loader_path/Frameworks",
				);
				PRODUCT_BUNDLE_IDENTIFIER = "com.shixuanli.Calfit-iOSUITests";
				PRODUCT_NAME = "$(TARGET_NAME)";
				TARGETED_DEVICE_FAMILY = "1,2";
				TEST_TARGET_NAME = Calfit_iOS;
			};
			name = Release;
		};
/* End XCBuildConfiguration section */

/* Begin XCConfigurationList section */
		C1339DD622554F5D00658D21 /* Build configuration list for PBXProject "Calfit_iOS" */ = {
			isa = XCConfigurationList;
			buildConfigurations = (
				C1339E0522554F6100658D21 /* Debug */,
				C1339E0622554F6100658D21 /* Release */,
			);
			defaultConfigurationIsVisible = 0;
			defaultConfigurationName = Release;
		};
		C1339E0722554F6100658D21 /* Build configuration list for PBXNativeTarget "Calfit_iOS" */ = {
			isa = XCConfigurationList;
			buildConfigurations = (
				C1339E0822554F6100658D21 /* Debug */,
				C1339E0922554F6100658D21 /* Release */,
			);
			defaultConfigurationIsVisible = 0;
			defaultConfigurationName = Release;
		};
		C1339E0A22554F6100658D21 /* Build configuration list for PBXNativeTarget "Calfit_iOSTests" */ = {
			isa = XCConfigurationList;
			buildConfigurations = (
				C1339E0B22554F6100658D21 /* Debug */,
				C1339E0C22554F6100658D21 /* Release */,
			);
			defaultConfigurationIsVisible = 0;
			defaultConfigurationName = Release;
		};
		C1339E0D22554F6100658D21 /* Build configuration list for PBXNativeTarget "Calfit_iOSUITests" */ = {
			isa = XCConfigurationList;
			buildConfigurations = (
				C1339E0E22554F6100658D21 /* Debug */,
				C1339E0F22554F6100658D21 /* Release */,
			);
			defaultConfigurationIsVisible = 0;
			defaultConfigurationName = Release;
		};
/* End XCConfigurationList section */
	};
	rootObject = C1339DD322554F5D00658D21 /* Project object */;
}
