// !$*UTF8*$!
{
	archiveVersion = 1;
	classes = {
	};
	objectVersion = 50;
	objects = {

/* Begin PBXBuildFile section */
		C112054E227DB4B8000A8EA7 /* Crittercism.framework in Frameworks */ = {isa = PBXBuildFile; fileRef = C112054D227DB4B8000A8EA7 /* Crittercism.framework */; };
		C112054F227DB4E0000A8EA7 /* SystemConfiguration.framework in Frameworks */ = {isa = PBXBuildFile; fileRef = C16528092255F17200D9D39F /* SystemConfiguration.framework */; };
		C1120551227DB4E8000A8EA7 /* CoreData.framework in Frameworks */ = {isa = PBXBuildFile; fileRef = C1120550227DB4E8000A8EA7 /* CoreData.framework */; };
		C16527D52255EC1D00D9D39F /* AppDelegate.m in Sources */ = {isa = PBXBuildFile; fileRef = C16527D42255EC1D00D9D39F /* AppDelegate.m */; };
		C16527D82255EC1D00D9D39F /* ViewController.m in Sources */ = {isa = PBXBuildFile; fileRef = C16527D72255EC1D00D9D39F /* ViewController.m */; };
		C16527DB2255EC1D00D9D39F /* Main.storyboard in Resources */ = {isa = PBXBuildFile; fileRef = C16527D92255EC1D00D9D39F /* Main.storyboard */; };
		C16527E02255EC1E00D9D39F /* LaunchScreen.storyboard in Resources */ = {isa = PBXBuildFile; fileRef = C16527DE2255EC1E00D9D39F /* LaunchScreen.storyboard */; };
		C16527E32255EC1E00D9D39F /* main.m in Sources */ = {isa = PBXBuildFile; fileRef = C16527E22255EC1E00D9D39F /* main.m */; };
		C16527ED2255EC1E00D9D39F /* Calfit_iOSTests.m in Sources */ = {isa = PBXBuildFile; fileRef = C16527EC2255EC1E00D9D39F /* Calfit_iOSTests.m */; };
		C16527F82255EC1E00D9D39F /* Calfit_iOSUITests.m in Sources */ = {isa = PBXBuildFile; fileRef = C16527F72255EC1E00D9D39F /* Calfit_iOSUITests.m */; };
		C165280A2255F17200D9D39F /* SystemConfiguration.framework in Frameworks */ = {isa = PBXBuildFile; fileRef = C16528092255F17200D9D39F /* SystemConfiguration.framework */; };
		C16528142256067900D9D39F /* Reachability.m in Sources */ = {isa = PBXBuildFile; fileRef = C16528122256067900D9D39F /* Reachability.m */; };
		C1AFA138227C597B00F37FB5 /* UserNotifications.framework in Frameworks */ = {isa = PBXBuildFile; fileRef = C1AFA137227C597B00F37FB5 /* UserNotifications.framework */; };
		C1DC46D52279BB160026D7AC /* Assets.xcassets in Resources */ = {isa = PBXBuildFile; fileRef = C16527DC2255EC1E00D9D39F /* Assets.xcassets */; };
/* End PBXBuildFile section */

/* Begin PBXContainerItemProxy section */
		C16527E92255EC1E00D9D39F /* PBXContainerItemProxy */ = {
			isa = PBXContainerItemProxy;
			containerPortal = C16527C82255EC1D00D9D39F /* Project object */;
			proxyType = 1;
			remoteGlobalIDString = C16527CF2255EC1D00D9D39F;
			remoteInfo = Calfit_iOS;
		};
		C16527F42255EC1E00D9D39F /* PBXContainerItemProxy */ = {
			isa = PBXContainerItemProxy;
			containerPortal = C16527C82255EC1D00D9D39F /* Project object */;
			proxyType = 1;
			remoteGlobalIDString = C16527CF2255EC1D00D9D39F;
			remoteInfo = Calfit_iOS;
		};
/* End PBXContainerItemProxy section */

/* Begin PBXFileReference section */
		C112054D227DB4B8000A8EA7 /* Crittercism.framework */ = {isa = PBXFileReference; lastKnownFileType = wrapper.framework; name = Crittercism.framework; path = ../../../../../Downloads/Crittercism_v5_7_3/iOS/Crittercism.framework; sourceTree = "<group>"; };
		C1120550227DB4E8000A8EA7 /* CoreData.framework */ = {isa = PBXFileReference; lastKnownFileType = wrapper.framework; name = CoreData.framework; path = System/Library/Frameworks/CoreData.framework; sourceTree = SDKROOT; };
		C16527D02255EC1D00D9D39F /* Calfit_iOS.app */ = {isa = PBXFileReference; explicitFileType = wrapper.application; includeInIndex = 0; path = Calfit_iOS.app; sourceTree = BUILT_PRODUCTS_DIR; };
		C16527D32255EC1D00D9D39F /* AppDelegate.h */ = {isa = PBXFileReference; lastKnownFileType = sourcecode.c.h; path = AppDelegate.h; sourceTree = "<group>"; };
		C16527D42255EC1D00D9D39F /* AppDelegate.m */ = {isa = PBXFileReference; lastKnownFileType = sourcecode.c.objc; path = AppDelegate.m; sourceTree = "<group>"; };
		C16527D62255EC1D00D9D39F /* ViewController.h */ = {isa = PBXFileReference; lastKnownFileType = sourcecode.c.h; path = ViewController.h; sourceTree = "<group>"; };
		C16527D72255EC1D00D9D39F /* ViewController.m */ = {isa = PBXFileReference; lastKnownFileType = sourcecode.c.objc; path = ViewController.m; sourceTree = "<group>"; };
		C16527DA2255EC1D00D9D39F /* Base */ = {isa = PBXFileReference; lastKnownFileType = file.storyboard; name = Base; path = Base.lproj/Main.storyboard; sourceTree = "<group>"; };
		C16527DC2255EC1E00D9D39F /* Assets.xcassets */ = {isa = PBXFileReference; lastKnownFileType = folder.assetcatalog; path = Assets.xcassets; sourceTree = "<group>"; };
		C16527DF2255EC1E00D9D39F /* Base */ = {isa = PBXFileReference; lastKnownFileType = file.storyboard; name = Base; path = Base.lproj/LaunchScreen.storyboard; sourceTree = "<group>"; };
		C16527E12255EC1E00D9D39F /* Info.plist */ = {isa = PBXFileReference; lastKnownFileType = text.plist.xml; path = Info.plist; sourceTree = "<group>"; };
		C16527E22255EC1E00D9D39F /* main.m */ = {isa = PBXFileReference; lastKnownFileType = sourcecode.c.objc; path = main.m; sourceTree = "<group>"; };
		C16527E82255EC1E00D9D39F /* Calfit_iOSTests.xctest */ = {isa = PBXFileReference; explicitFileType = wrapper.cfbundle; includeInIndex = 0; path = Calfit_iOSTests.xctest; sourceTree = BUILT_PRODUCTS_DIR; };
		C16527EC2255EC1E00D9D39F /* Calfit_iOSTests.m */ = {isa = PBXFileReference; lastKnownFileType = sourcecode.c.objc; path = Calfit_iOSTests.m; sourceTree = "<group>"; };
		C16527EE2255EC1E00D9D39F /* Info.plist */ = {isa = PBXFileReference; lastKnownFileType = text.plist.xml; path = Info.plist; sourceTree = "<group>"; };
		C16527F32255EC1E00D9D39F /* Calfit_iOSUITests.xctest */ = {isa = PBXFileReference; explicitFileType = wrapper.cfbundle; includeInIndex = 0; path = Calfit_iOSUITests.xctest; sourceTree = BUILT_PRODUCTS_DIR; };
		C16527F72255EC1E00D9D39F /* Calfit_iOSUITests.m */ = {isa = PBXFileReference; lastKnownFileType = sourcecode.c.objc; path = Calfit_iOSUITests.m; sourceTree = "<group>"; };
		C16527F92255EC1E00D9D39F /* Info.plist */ = {isa = PBXFileReference; lastKnownFileType = text.plist.xml; path = Info.plist; sourceTree = "<group>"; };
		C16528092255F17200D9D39F /* SystemConfiguration.framework */ = {isa = PBXFileReference; lastKnownFileType = wrapper.framework; name = SystemConfiguration.framework; path = System/Library/Frameworks/SystemConfiguration.framework; sourceTree = SDKROOT; };
		C16528122256067900D9D39F /* Reachability.m */ = {isa = PBXFileReference; fileEncoding = 4; lastKnownFileType = sourcecode.c.objc; path = Reachability.m; sourceTree = "<group>"; };
		C16528132256067900D9D39F /* Reachability.h */ = {isa = PBXFileReference; fileEncoding = 4; lastKnownFileType = sourcecode.c.h; path = Reachability.h; sourceTree = "<group>"; };
		C1AFA137227C597B00F37FB5 /* UserNotifications.framework */ = {isa = PBXFileReference; lastKnownFileType = wrapper.framework; name = UserNotifications.framework; path = System/Library/Frameworks/UserNotifications.framework; sourceTree = SDKROOT; };
/* End PBXFileReference section */

/* Begin PBXFrameworksBuildPhase section */
		C16527CD2255EC1D00D9D39F /* Frameworks */ = {
			isa = PBXFrameworksBuildPhase;
			buildActionMask = 2147483647;
			files = (
				C1AFA138227C597B00F37FB5 /* UserNotifications.framework in Frameworks */,
				C112054E227DB4B8000A8EA7 /* Crittercism.framework in Frameworks */,
				C165280A2255F17200D9D39F /* SystemConfiguration.framework in Frameworks */,
			);
			runOnlyForDeploymentPostprocessing = 0;
		};
		C16527E52255EC1E00D9D39F /* Frameworks */ = {
			isa = PBXFrameworksBuildPhase;
			buildActionMask = 2147483647;
			files = (
			);
			runOnlyForDeploymentPostprocessing = 0;
		};
		C16527F02255EC1E00D9D39F /* Frameworks */ = {
			isa = PBXFrameworksBuildPhase;
			buildActionMask = 2147483647;
			files = (
				C1120551227DB4E8000A8EA7 /* CoreData.framework in Frameworks */,
				C112054F227DB4E0000A8EA7 /* SystemConfiguration.framework in Frameworks */,
			);
			runOnlyForDeploymentPostprocessing = 0;
		};
/* End PBXFrameworksBuildPhase section */

/* Begin PBXGroup section */
		C16527C72255EC1D00D9D39F = {
			isa = PBXGroup;
			children = (
				C16527D22255EC1D00D9D39F /* Calfit_iOS */,
				C16527EB2255EC1E00D9D39F /* Calfit_iOSTests */,
				C16527F62255EC1E00D9D39F /* Calfit_iOSUITests */,
				C16527D12255EC1D00D9D39F /* Products */,
				C16528082255F17200D9D39F /* Frameworks */,
			);
			sourceTree = "<group>";
		};
		C16527D12255EC1D00D9D39F /* Products */ = {
			isa = PBXGroup;
			children = (
				C16527D02255EC1D00D9D39F /* Calfit_iOS.app */,
				C16527E82255EC1E00D9D39F /* Calfit_iOSTests.xctest */,
				C16527F32255EC1E00D9D39F /* Calfit_iOSUITests.xctest */,
			);
			name = Products;
			sourceTree = "<group>";
		};
		C16527D22255EC1D00D9D39F /* Calfit_iOS */ = {
			isa = PBXGroup;
			children = (
				C16527D32255EC1D00D9D39F /* AppDelegate.h */,
				C16527D42255EC1D00D9D39F /* AppDelegate.m */,
				C16527D62255EC1D00D9D39F /* ViewController.h */,
				C16527D72255EC1D00D9D39F /* ViewController.m */,
				C16528132256067900D9D39F /* Reachability.h */,
				C16528122256067900D9D39F /* Reachability.m */,
				C16527D92255EC1D00D9D39F /* Main.storyboard */,
				C16527DC2255EC1E00D9D39F /* Assets.xcassets */,
				C16527DE2255EC1E00D9D39F /* LaunchScreen.storyboard */,
				C16527E12255EC1E00D9D39F /* Info.plist */,
				C16527E22255EC1E00D9D39F /* main.m */,
			);
			path = Calfit_iOS;
			sourceTree = "<group>";
		};
		C16527EB2255EC1E00D9D39F /* Calfit_iOSTests */ = {
			isa = PBXGroup;
			children = (
				C16527EC2255EC1E00D9D39F /* Calfit_iOSTests.m */,
				C16527EE2255EC1E00D9D39F /* Info.plist */,
			);
			path = Calfit_iOSTests;
			sourceTree = "<group>";
		};
		C16527F62255EC1E00D9D39F /* Calfit_iOSUITests */ = {
			isa = PBXGroup;
			children = (
				C16527F72255EC1E00D9D39F /* Calfit_iOSUITests.m */,
				C16527F92255EC1E00D9D39F /* Info.plist */,
			);
			path = Calfit_iOSUITests;
			sourceTree = "<group>";
		};
		C16528082255F17200D9D39F /* Frameworks */ = {
			isa = PBXGroup;
			children = (
				C1120550227DB4E8000A8EA7 /* CoreData.framework */,
				C1AFA137227C597B00F37FB5 /* UserNotifications.framework */,
				C16528092255F17200D9D39F /* SystemConfiguration.framework */,
				C112054D227DB4B8000A8EA7 /* Crittercism.framework */,
			);
			name = Frameworks;
			sourceTree = "<group>";
		};
/* End PBXGroup section */

/* Begin PBXNativeTarget section */
		C16527CF2255EC1D00D9D39F /* Calfit_iOS */ = {
			isa = PBXNativeTarget;
			buildConfigurationList = C16527FC2255EC1E00D9D39F /* Build configuration list for PBXNativeTarget "Calfit_iOS" */;
			buildPhases = (
				C16527CC2255EC1D00D9D39F /* Sources */,
				C16527CD2255EC1D00D9D39F /* Frameworks */,
				C16527CE2255EC1D00D9D39F /* Resources */,
			);
			buildRules = (
			);
			dependencies = (
			);
			name = Calfit_iOS;
			productName = Calfit_iOS;
			productReference = C16527D02255EC1D00D9D39F /* Calfit_iOS.app */;
			productType = "com.apple.product-type.application";
		};
		C16527E72255EC1E00D9D39F /* Calfit_iOSTests */ = {
			isa = PBXNativeTarget;
			buildConfigurationList = C16527FF2255EC1E00D9D39F /* Build configuration list for PBXNativeTarget "Calfit_iOSTests" */;
			buildPhases = (
				C16527E42255EC1E00D9D39F /* Sources */,
				C16527E52255EC1E00D9D39F /* Frameworks */,
				C16527E62255EC1E00D9D39F /* Resources */,
			);
			buildRules = (
			);
			dependencies = (
				C16527EA2255EC1E00D9D39F /* PBXTargetDependency */,
			);
			name = Calfit_iOSTests;
			productName = Calfit_iOSTests;
			productReference = C16527E82255EC1E00D9D39F /* Calfit_iOSTests.xctest */;
			productType = "com.apple.product-type.bundle.unit-test";
		};
		C16527F22255EC1E00D9D39F /* Calfit_iOSUITests */ = {
			isa = PBXNativeTarget;
			buildConfigurationList = C16528022255EC1E00D9D39F /* Build configuration list for PBXNativeTarget "Calfit_iOSUITests" */;
			buildPhases = (
				C16527EF2255EC1E00D9D39F /* Sources */,
				C16527F02255EC1E00D9D39F /* Frameworks */,
				C16527F12255EC1E00D9D39F /* Resources */,
			);
			buildRules = (
			);
			dependencies = (
				C16527F52255EC1E00D9D39F /* PBXTargetDependency */,
			);
			name = Calfit_iOSUITests;
			productName = Calfit_iOSUITests;
			productReference = C16527F32255EC1E00D9D39F /* Calfit_iOSUITests.xctest */;
			productType = "com.apple.product-type.bundle.ui-testing";
		};
/* End PBXNativeTarget section */

/* Begin PBXProject section */
		C16527C82255EC1D00D9D39F /* Project object */ = {
			isa = PBXProject;
			attributes = {
				LastUpgradeCheck = 1010;
				ORGANIZATIONNAME = "Shixuan Li";
				TargetAttributes = {
					C16527CF2255EC1D00D9D39F = {
						CreatedOnToolsVersion = 10.1;
					};
					C16527E72255EC1E00D9D39F = {
						CreatedOnToolsVersion = 10.1;
						TestTargetID = C16527CF2255EC1D00D9D39F;
					};
					C16527F22255EC1E00D9D39F = {
						CreatedOnToolsVersion = 10.1;
						TestTargetID = C16527CF2255EC1D00D9D39F;
					};
				};
			};
			buildConfigurationList = C16527CB2255EC1D00D9D39F /* Build configuration list for PBXProject "Calfit_iOS" */;
			compatibilityVersion = "Xcode 9.3";
			developmentRegion = en;
			hasScannedForEncodings = 0;
			knownRegions = (
				en,
				Base,
			);
			mainGroup = C16527C72255EC1D00D9D39F;
			productRefGroup = C16527D12255EC1D00D9D39F /* Products */;
			projectDirPath = "";
			projectRoot = "";
			targets = (
				C16527CF2255EC1D00D9D39F /* Calfit_iOS */,
				C16527E72255EC1E00D9D39F /* Calfit_iOSTests */,
				C16527F22255EC1E00D9D39F /* Calfit_iOSUITests */,
			);
		};
/* End PBXProject section */

/* Begin PBXResourcesBuildPhase section */
		C16527CE2255EC1D00D9D39F /* Resources */ = {
			isa = PBXResourcesBuildPhase;
			buildActionMask = 2147483647;
			files = (
				C16527E02255EC1E00D9D39F /* LaunchScreen.storyboard in Resources */,
				C1DC46D52279BB160026D7AC /* Assets.xcassets in Resources */,
				C16527DB2255EC1D00D9D39F /* Main.storyboard in Resources */,
			);
			runOnlyForDeploymentPostprocessing = 0;
		};
		C16527E62255EC1E00D9D39F /* Resources */ = {
			isa = PBXResourcesBuildPhase;
			buildActionMask = 2147483647;
			files = (
			);
			runOnlyForDeploymentPostprocessing = 0;
		};
		C16527F12255EC1E00D9D39F /* Resources */ = {
			isa = PBXResourcesBuildPhase;
			buildActionMask = 2147483647;
			files = (
			);
			runOnlyForDeploymentPostprocessing = 0;
		};
/* End PBXResourcesBuildPhase section */

/* Begin PBXSourcesBuildPhase section */
		C16527CC2255EC1D00D9D39F /* Sources */ = {
			isa = PBXSourcesBuildPhase;
			buildActionMask = 2147483647;
			files = (
				C16527D82255EC1D00D9D39F /* ViewController.m in Sources */,
				C16527E32255EC1E00D9D39F /* main.m in Sources */,
				C16528142256067900D9D39F /* Reachability.m in Sources */,
				C16527D52255EC1D00D9D39F /* AppDelegate.m in Sources */,
			);
			runOnlyForDeploymentPostprocessing = 0;
		};
		C16527E42255EC1E00D9D39F /* Sources */ = {
			isa = PBXSourcesBuildPhase;
			buildActionMask = 2147483647;
			files = (
				C16527ED2255EC1E00D9D39F /* Calfit_iOSTests.m in Sources */,
			);
			runOnlyForDeploymentPostprocessing = 0;
		};
		C16527EF2255EC1E00D9D39F /* Sources */ = {
			isa = PBXSourcesBuildPhase;
			buildActionMask = 2147483647;
			files = (
				C16527F82255EC1E00D9D39F /* Calfit_iOSUITests.m in Sources */,
			);
			runOnlyForDeploymentPostprocessing = 0;
		};
/* End PBXSourcesBuildPhase section */

/* Begin PBXTargetDependency section */
		C16527EA2255EC1E00D9D39F /* PBXTargetDependency */ = {
			isa = PBXTargetDependency;
			target = C16527CF2255EC1D00D9D39F /* Calfit_iOS */;
			targetProxy = C16527E92255EC1E00D9D39F /* PBXContainerItemProxy */;
		};
		C16527F52255EC1E00D9D39F /* PBXTargetDependency */ = {
			isa = PBXTargetDependency;
			target = C16527CF2255EC1D00D9D39F /* Calfit_iOS */;
			targetProxy = C16527F42255EC1E00D9D39F /* PBXContainerItemProxy */;
		};
/* End PBXTargetDependency section */

/* Begin PBXVariantGroup section */
		C16527D92255EC1D00D9D39F /* Main.storyboard */ = {
			isa = PBXVariantGroup;
			children = (
				C16527DA2255EC1D00D9D39F /* Base */,
			);
			name = Main.storyboard;
			sourceTree = "<group>";
		};
		C16527DE2255EC1E00D9D39F /* LaunchScreen.storyboard */ = {
			isa = PBXVariantGroup;
			children = (
				C16527DF2255EC1E00D9D39F /* Base */,
			);
			name = LaunchScreen.storyboard;
			sourceTree = "<group>";
		};
/* End PBXVariantGroup section */

/* Begin XCBuildConfiguration section */
		C16527FA2255EC1E00D9D39F /* Debug */ = {
			isa = XCBuildConfiguration;
			buildSettings = {
				ALWAYS_SEARCH_USER_PATHS = NO;
				CLANG_ANALYZER_NONNULL = YES;
				CLANG_ANALYZER_NUMBER_OBJECT_CONVERSION = YES_AGGRESSIVE;
				CLANG_CXX_LANGUAGE_STANDARD = "gnu++14";
				CLANG_CXX_LIBRARY = "libc++";
				CLANG_ENABLE_MODULES = YES;
				CLANG_ENABLE_OBJC_ARC = YES;
				CLANG_ENABLE_OBJC_WEAK = YES;
				CLANG_WARN_BLOCK_CAPTURE_AUTORELEASING = YES;
				CLANG_WARN_BOOL_CONVERSION = YES;
				CLANG_WARN_COMMA = YES;
				CLANG_WARN_CONSTANT_CONVERSION = YES;
				CLANG_WARN_DEPRECATED_OBJC_IMPLEMENTATIONS = YES;
				CLANG_WARN_DIRECT_OBJC_ISA_USAGE = YES_ERROR;
				CLANG_WARN_DOCUMENTATION_COMMENTS = YES;
				CLANG_WARN_EMPTY_BODY = YES;
				CLANG_WARN_ENUM_CONVERSION = YES;
				CLANG_WARN_INFINITE_RECURSION = YES;
				CLANG_WARN_INT_CONVERSION = YES;
				CLANG_WARN_NON_LITERAL_NULL_CONVERSION = YES;
				CLANG_WARN_OBJC_IMPLICIT_RETAIN_SELF = YES;
				CLANG_WARN_OBJC_LITERAL_CONVERSION = YES;
				CLANG_WARN_OBJC_ROOT_CLASS = YES_ERROR;
				CLANG_WARN_RANGE_LOOP_ANALYSIS = YES;
				CLANG_WARN_STRICT_PROTOTYPES = YES;
				CLANG_WARN_SUSPICIOUS_MOVE = YES;
				CLANG_WARN_UNGUARDED_AVAILABILITY = YES_AGGRESSIVE;
				CLANG_WARN_UNREACHABLE_CODE = YES;
				CLANG_WARN__DUPLICATE_METHOD_MATCH = YES;
				CODE_SIGN_IDENTITY = "iPhone Developer";
				COPY_PHASE_STRIP = NO;
				DEBUG_INFORMATION_FORMAT = dwarf;
				ENABLE_STRICT_OBJC_MSGSEND = YES;
				ENABLE_TESTABILITY = YES;
				GCC_C_LANGUAGE_STANDARD = gnu11;
				GCC_DYNAMIC_NO_PIC = NO;
				GCC_NO_COMMON_BLOCKS = YES;
				GCC_OPTIMIZATION_LEVEL = 0;
				GCC_PREPROCESSOR_DEFINITIONS = (
					"DEBUG=1",
					"$(inherited)",
				);
				GCC_WARN_64_TO_32_BIT_CONVERSION = YES;
				GCC_WARN_ABOUT_RETURN_TYPE = YES_ERROR;
				GCC_WARN_UNDECLARED_SELECTOR = YES;
				GCC_WARN_UNINITIALIZED_AUTOS = YES_AGGRESSIVE;
				GCC_WARN_UNUSED_FUNCTION = YES;
				GCC_WARN_UNUSED_VARIABLE = YES;
				IPHONEOS_DEPLOYMENT_TARGET = 12.1;
				MTL_ENABLE_DEBUG_INFO = INCLUDE_SOURCE;
				MTL_FAST_MATH = YES;
				ONLY_ACTIVE_ARCH = YES;
				SDKROOT = iphoneos;
			};
			name = Debug;
		};
		C16527FB2255EC1E00D9D39F /* Release */ = {
			isa = XCBuildConfiguration;
			buildSettings = {
				ALWAYS_SEARCH_USER_PATHS = NO;
				CLANG_ANALYZER_NONNULL = YES;
				CLANG_ANALYZER_NUMBER_OBJECT_CONVERSION = YES_AGGRESSIVE;
				CLANG_CXX_LANGUAGE_STANDARD = "gnu++14";
				CLANG_CXX_LIBRARY = "libc++";
				CLANG_ENABLE_MODULES = YES;
				CLANG_ENABLE_OBJC_ARC = YES;
				CLANG_ENABLE_OBJC_WEAK = YES;
				CLANG_WARN_BLOCK_CAPTURE_AUTORELEASING = YES;
				CLANG_WARN_BOOL_CONVERSION = YES;
				CLANG_WARN_COMMA = YES;
				CLANG_WARN_CONSTANT_CONVERSION = YES;
				CLANG_WARN_DEPRECATED_OBJC_IMPLEMENTATIONS = YES;
				CLANG_WARN_DIRECT_OBJC_ISA_USAGE = YES_ERROR;
				CLANG_WARN_DOCUMENTATION_COMMENTS = YES;
				CLANG_WARN_EMPTY_BODY = YES;
				CLANG_WARN_ENUM_CONVERSION = YES;
				CLANG_WARN_INFINITE_RECURSION = YES;
				CLANG_WARN_INT_CONVERSION = YES;
				CLANG_WARN_NON_LITERAL_NULL_CONVERSION = YES;
				CLANG_WARN_OBJC_IMPLICIT_RETAIN_SELF = YES;
				CLANG_WARN_OBJC_LITERAL_CONVERSION = YES;
				CLANG_WARN_OBJC_ROOT_CLASS = YES_ERROR;
				CLANG_WARN_RANGE_LOOP_ANALYSIS = YES;
				CLANG_WARN_STRICT_PROTOTYPES = YES;
				CLANG_WARN_SUSPICIOUS_MOVE = YES;
				CLANG_WARN_UNGUARDED_AVAILABILITY = YES_AGGRESSIVE;
				CLANG_WARN_UNREACHABLE_CODE = YES;
				CLANG_WARN__DUPLICATE_METHOD_MATCH = YES;
				CODE_SIGN_IDENTITY = "iPhone Developer";
				COPY_PHASE_STRIP = NO;
				DEBUG_INFORMATION_FORMAT = "dwarf-with-dsym";
				ENABLE_NS_ASSERTIONS = NO;
				ENABLE_STRICT_OBJC_MSGSEND = YES;
				GCC_C_LANGUAGE_STANDARD = gnu11;
				GCC_NO_COMMON_BLOCKS = YES;
				GCC_WARN_64_TO_32_BIT_CONVERSION = YES;
				GCC_WARN_ABOUT_RETURN_TYPE = YES_ERROR;
				GCC_WARN_UNDECLARED_SELECTOR = YES;
				GCC_WARN_UNINITIALIZED_AUTOS = YES_AGGRESSIVE;
				GCC_WARN_UNUSED_FUNCTION = YES;
				GCC_WARN_UNUSED_VARIABLE = YES;
				IPHONEOS_DEPLOYMENT_TARGET = 12.1;
				MTL_ENABLE_DEBUG_INFO = NO;
				MTL_FAST_MATH = YES;
				SDKROOT = iphoneos;
				VALIDATE_PRODUCT = YES;
			};
			name = Release;
		};
		C16527FD2255EC1E00D9D39F /* Debug */ = {
			isa = XCBuildConfiguration;
			buildSettings = {
				ASSETCATALOG_COMPILER_APPICON_NAME = AppIcon;
				CODE_SIGN_IDENTITY = "iPhone Developer";
				CODE_SIGN_STYLE = Automatic;
				DEVELOPMENT_TEAM = KYV63HDP67;
				INFOPLIST_FILE = Calfit_iOS/Info.plist;
				LD_RUNPATH_SEARCH_PATHS = (
					"$(inherited)",
					"@executable_path/Frameworks",
				);
				PRODUCT_BUNDLE_IDENTIFIER = "com.shixuanli.Calfit-Development";
				PRODUCT_NAME = "$(TARGET_NAME)";
				PROVISIONING_PROFILE_SPECIFIER = "";
				TARGETED_DEVICE_FAMILY = "1,2";
			};
			name = Debug;
		};
		C16527FE2255EC1E00D9D39F /* Release */ = {
			isa = XCBuildConfiguration;
			buildSettings = {
				ASSETCATALOG_COMPILER_APPICON_NAME = AppIcon;
				CODE_SIGN_IDENTITY = "iPhone Developer";
				CODE_SIGN_STYLE = Automatic;
				DEVELOPMENT_TEAM = KYV63HDP67;
				INFOPLIST_FILE = Calfit_iOS/Info.plist;
				LD_RUNPATH_SEARCH_PATHS = (
					"$(inherited)",
					"@executable_path/Frameworks",
				);
				PRODUCT_BUNDLE_IDENTIFIER = "com.shixuanli.Calfit-Development";
				PRODUCT_NAME = "$(TARGET_NAME)";
				PROVISIONING_PROFILE_SPECIFIER = "";
				TARGETED_DEVICE_FAMILY = "1,2";
			};
			name = Release;
		};
		C16528002255EC1E00D9D39F /* Debug */ = {
			isa = XCBuildConfiguration;
			buildSettings = {
				BUNDLE_LOADER = "$(TEST_HOST)";
				CODE_SIGN_STYLE = Automatic;
				DEVELOPMENT_TEAM = KYV63HDP67;
				INFOPLIST_FILE = Calfit_iOSTests/Info.plist;
				LD_RUNPATH_SEARCH_PATHS = (
					"$(inherited)",
					"@executable_path/Frameworks",
					"@loader_path/Frameworks",
				);
				PRODUCT_BUNDLE_IDENTIFIER = "com.shixuanli.Calfit-iOSTests";
				PRODUCT_NAME = "$(TARGET_NAME)";
				TARGETED_DEVICE_FAMILY = "1,2";
				TEST_HOST = "$(BUILT_PRODUCTS_DIR)/Calfit_iOS.app/Calfit_iOS";
			};
			name = Debug;
		};
		C16528012255EC1E00D9D39F /* Release */ = {
			isa = XCBuildConfiguration;
			buildSettings = {
				BUNDLE_LOADER = "$(TEST_HOST)";
				CODE_SIGN_STYLE = Automatic;
				DEVELOPMENT_TEAM = KYV63HDP67;
				INFOPLIST_FILE = Calfit_iOSTests/Info.plist;
				LD_RUNPATH_SEARCH_PATHS = (
					"$(inherited)",
					"@executable_path/Frameworks",
					"@loader_path/Frameworks",
				);
				PRODUCT_BUNDLE_IDENTIFIER = "com.shixuanli.Calfit-iOSTests";
				PRODUCT_NAME = "$(TARGET_NAME)";
				TARGETED_DEVICE_FAMILY = "1,2";
				TEST_HOST = "$(BUILT_PRODUCTS_DIR)/Calfit_iOS.app/Calfit_iOS";
			};
			name = Release;
		};
		C16528032255EC1E00D9D39F /* Debug */ = {
			isa = XCBuildConfiguration;
			buildSettings = {
				CODE_SIGN_STYLE = Automatic;
				DEVELOPMENT_TEAM = KYV63HDP67;
				INFOPLIST_FILE = Calfit_iOSUITests/Info.plist;
				LD_RUNPATH_SEARCH_PATHS = (
					"$(inherited)",
					"@executable_path/Frameworks",
					"@loader_path/Frameworks",
				);
				PRODUCT_BUNDLE_IDENTIFIER = "com.shixuanli.Calfit-iOSUITests";
				PRODUCT_NAME = "$(TARGET_NAME)";
				TARGETED_DEVICE_FAMILY = "1,2";
				TEST_TARGET_NAME = Calfit_iOS;
			};
			name = Debug;
		};
		C16528042255EC1E00D9D39F /* Release */ = {
			isa = XCBuildConfiguration;
			buildSettings = {
				CODE_SIGN_STYLE = Automatic;
				DEVELOPMENT_TEAM = KYV63HDP67;
				INFOPLIST_FILE = Calfit_iOSUITests/Info.plist;
				LD_RUNPATH_SEARCH_PATHS = (
					"$(inherited)",
					"@executable_path/Frameworks",
					"@loader_path/Frameworks",
				);
				PRODUCT_BUNDLE_IDENTIFIER = "com.shixuanli.Calfit-iOSUITests";
				PRODUCT_NAME = "$(TARGET_NAME)";
				TARGETED_DEVICE_FAMILY = "1,2";
				TEST_TARGET_NAME = Calfit_iOS;
			};
			name = Release;
		};
/* End XCBuildConfiguration section */

/* Begin XCConfigurationList section */
		C16527CB2255EC1D00D9D39F /* Build configuration list for PBXProject "Calfit_iOS" */ = {
			isa = XCConfigurationList;
			buildConfigurations = (
				C16527FA2255EC1E00D9D39F /* Debug */,
				C16527FB2255EC1E00D9D39F /* Release */,
			);
			defaultConfigurationIsVisible = 0;
			defaultConfigurationName = Release;
		};
		C16527FC2255EC1E00D9D39F /* Build configuration list for PBXNativeTarget "Calfit_iOS" */ = {
			isa = XCConfigurationList;
			buildConfigurations = (
				C16527FD2255EC1E00D9D39F /* Debug */,
				C16527FE2255EC1E00D9D39F /* Release */,
			);
			defaultConfigurationIsVisible = 0;
			defaultConfigurationName = Release;
		};
		C16527FF2255EC1E00D9D39F /* Build configuration list for PBXNativeTarget "Calfit_iOSTests" */ = {
			isa = XCConfigurationList;
			buildConfigurations = (
				C16528002255EC1E00D9D39F /* Debug */,
				C16528012255EC1E00D9D39F /* Release */,
			);
			defaultConfigurationIsVisible = 0;
			defaultConfigurationName = Release;
		};
		C16528022255EC1E00D9D39F /* Build configuration list for PBXNativeTarget "Calfit_iOSUITests" */ = {
			isa = XCConfigurationList;
			buildConfigurations = (
				C16528032255EC1E00D9D39F /* Debug */,
				C16528042255EC1E00D9D39F /* Release */,
			);
			defaultConfigurationIsVisible = 0;
			defaultConfigurationName = Release;
		};
/* End XCConfigurationList section */
	};
	rootObject = C16527C82255EC1D00D9D39F /* Project object */;
}
